// !$*UTF8*$!
{
	archiveVersion = 1;
	classes = {
	};
	objectVersion = 46;
	objects = {

/* Begin PBXBuildFile section */
		B18B40F832D52354C326BB8B /* Pods_Whether.framework in Frameworks */ = {isa = PBXBuildFile; fileRef = 61C7733B2AA436166849E73C /* Pods_Whether.framework */; };
		DBCB9F361C0E96780081BD4B /* AppDelegate.swift in Sources */ = {isa = PBXBuildFile; fileRef = DBCB9F351C0E96780081BD4B /* AppDelegate.swift */; };
		DBCB9F381C0E96780081BD4B /* ViewController.swift in Sources */ = {isa = PBXBuildFile; fileRef = DBCB9F371C0E96780081BD4B /* ViewController.swift */; };
		DBCB9F3B1C0E96780081BD4B /* Main.storyboard in Resources */ = {isa = PBXBuildFile; fileRef = DBCB9F391C0E96780081BD4B /* Main.storyboard */; };
		DBCB9F401C0E96780081BD4B /* LaunchScreen.storyboard in Resources */ = {isa = PBXBuildFile; fileRef = DBCB9F3E1C0E96780081BD4B /* LaunchScreen.storyboard */; };
		DBCB9F4B1C0E96780081BD4B /* WhetherTests.swift in Sources */ = {isa = PBXBuildFile; fileRef = DBCB9F4A1C0E96780081BD4B /* WhetherTests.swift */; };
		DBCB9F561C0E96780081BD4B /* WhetherUITests.swift in Sources */ = {isa = PBXBuildFile; fileRef = DBCB9F551C0E96780081BD4B /* WhetherUITests.swift */; };
		DBCB9F641C0EA29F0081BD4B /* Assets.xcassets in Resources */ = {isa = PBXBuildFile; fileRef = DBCB9F631C0EA29F0081BD4B /* Assets.xcassets */; };
/* End PBXBuildFile section */

/* Begin PBXContainerItemProxy section */
		DBCB9F471C0E96780081BD4B /* PBXContainerItemProxy */ = {
			isa = PBXContainerItemProxy;
			containerPortal = DBCB9F2A1C0E96780081BD4B /* Project object */;
			proxyType = 1;
			remoteGlobalIDString = DBCB9F311C0E96780081BD4B;
			remoteInfo = Whether;
		};
		DBCB9F521C0E96780081BD4B /* PBXContainerItemProxy */ = {
			isa = PBXContainerItemProxy;
			containerPortal = DBCB9F2A1C0E96780081BD4B /* Project object */;
			proxyType = 1;
			remoteGlobalIDString = DBCB9F311C0E96780081BD4B;
			remoteInfo = Whether;
		};
/* End PBXContainerItemProxy section */

/* Begin PBXFileReference section */
		52E5A3C4C1B0BC17B7263BBA /* Pods-Whether.debug.xcconfig */ = {isa = PBXFileReference; includeInIndex = 1; lastKnownFileType = text.xcconfig; name = "Pods-Whether.debug.xcconfig"; path = "Pods/Target Support Files/Pods-Whether/Pods-Whether.debug.xcconfig"; sourceTree = "<group>"; };
		61C7733B2AA436166849E73C /* Pods_Whether.framework */ = {isa = PBXFileReference; explicitFileType = wrapper.framework; includeInIndex = 0; path = Pods_Whether.framework; sourceTree = BUILT_PRODUCTS_DIR; };
		D48AF491D841ABE94F1EB4D3 /* Pods-Whether.release.xcconfig */ = {isa = PBXFileReference; includeInIndex = 1; lastKnownFileType = text.xcconfig; name = "Pods-Whether.release.xcconfig"; path = "Pods/Target Support Files/Pods-Whether/Pods-Whether.release.xcconfig"; sourceTree = "<group>"; };
		DB19698A1C0EF87D008AA86B /* Whether-Bridging-Header.h */ = {isa = PBXFileReference; lastKnownFileType = sourcecode.c.h; path = "Whether-Bridging-Header.h"; sourceTree = "<group>"; };
		DBCB9F321C0E96780081BD4B /* Whether.app */ = {isa = PBXFileReference; explicitFileType = wrapper.application; includeInIndex = 0; path = Whether.app; sourceTree = BUILT_PRODUCTS_DIR; };
		DBCB9F351C0E96780081BD4B /* AppDelegate.swift */ = {isa = PBXFileReference; lastKnownFileType = sourcecode.swift; path = AppDelegate.swift; sourceTree = "<group>"; };
		DBCB9F371C0E96780081BD4B /* ViewController.swift */ = {isa = PBXFileReference; lastKnownFileType = sourcecode.swift; path = ViewController.swift; sourceTree = "<group>"; };
		DBCB9F3A1C0E96780081BD4B /* Base */ = {isa = PBXFileReference; lastKnownFileType = file.storyboard; name = Base; path = Base.lproj/Main.storyboard; sourceTree = "<group>"; };
		DBCB9F3F1C0E96780081BD4B /* Base */ = {isa = PBXFileReference; lastKnownFileType = file.storyboard; name = Base; path = Base.lproj/LaunchScreen.storyboard; sourceTree = "<group>"; };
		DBCB9F411C0E96780081BD4B /* Info.plist */ = {isa = PBXFileReference; lastKnownFileType = text.plist.xml; path = Info.plist; sourceTree = "<group>"; };
		DBCB9F461C0E96780081BD4B /* WhetherTests.xctest */ = {isa = PBXFileReference; explicitFileType = wrapper.cfbundle; includeInIndex = 0; path = WhetherTests.xctest; sourceTree = BUILT_PRODUCTS_DIR; };
		DBCB9F4A1C0E96780081BD4B /* WhetherTests.swift */ = {isa = PBXFileReference; lastKnownFileType = sourcecode.swift; path = WhetherTests.swift; sourceTree = "<group>"; };
		DBCB9F4C1C0E96780081BD4B /* Info.plist */ = {isa = PBXFileReference; lastKnownFileType = text.plist.xml; path = Info.plist; sourceTree = "<group>"; };
		DBCB9F511C0E96780081BD4B /* WhetherUITests.xctest */ = {isa = PBXFileReference; explicitFileType = wrapper.cfbundle; includeInIndex = 0; path = WhetherUITests.xctest; sourceTree = BUILT_PRODUCTS_DIR; };
		DBCB9F551C0E96780081BD4B /* WhetherUITests.swift */ = {isa = PBXFileReference; lastKnownFileType = sourcecode.swift; path = WhetherUITests.swift; sourceTree = "<group>"; };
		DBCB9F571C0E96780081BD4B /* Info.plist */ = {isa = PBXFileReference; lastKnownFileType = text.plist.xml; path = Info.plist; sourceTree = "<group>"; };
		DBCB9F631C0EA29F0081BD4B /* Assets.xcassets */ = {isa = PBXFileReference; lastKnownFileType = folder.assetcatalog; path = Assets.xcassets; sourceTree = "<group>"; };
/* End PBXFileReference section */

/* Begin PBXFrameworksBuildPhase section */
		DBCB9F2F1C0E96780081BD4B /* Frameworks */ = {
			isa = PBXFrameworksBuildPhase;
			buildActionMask = 2147483647;
			files = (
				B18B40F832D52354C326BB8B /* Pods_Whether.framework in Frameworks */,
			);
			runOnlyForDeploymentPostprocessing = 0;
		};
		DBCB9F431C0E96780081BD4B /* Frameworks */ = {
			isa = PBXFrameworksBuildPhase;
			buildActionMask = 2147483647;
			files = (
			);
			runOnlyForDeploymentPostprocessing = 0;
		};
		DBCB9F4E1C0E96780081BD4B /* Frameworks */ = {
			isa = PBXFrameworksBuildPhase;
			buildActionMask = 2147483647;
			files = (
			);
			runOnlyForDeploymentPostprocessing = 0;
		};
/* End PBXFrameworksBuildPhase section */

/* Begin PBXGroup section */
		3817B271D69B310FF2D58CB9 /* Frameworks */ = {
			isa = PBXGroup;
			children = (
				61C7733B2AA436166849E73C /* Pods_Whether.framework */,
			);
			name = Frameworks;
			sourceTree = "<group>";
		};
		DBCB9F291C0E96780081BD4B = {
			isa = PBXGroup;
			children = (
				DBCB9F341C0E96780081BD4B /* Whether */,
				DBCB9F491C0E96780081BD4B /* WhetherTests */,
				DBCB9F541C0E96780081BD4B /* WhetherUITests */,
				DBCB9F331C0E96780081BD4B /* Products */,
				FF1A3FDD9C0607B30B76EE31 /* Pods */,
				3817B271D69B310FF2D58CB9 /* Frameworks */,
			);
			sourceTree = "<group>";
		};
		DBCB9F331C0E96780081BD4B /* Products */ = {
			isa = PBXGroup;
			children = (
				DBCB9F321C0E96780081BD4B /* Whether.app */,
				DBCB9F461C0E96780081BD4B /* WhetherTests.xctest */,
				DBCB9F511C0E96780081BD4B /* WhetherUITests.xctest */,
			);
			name = Products;
			sourceTree = "<group>";
		};
		DBCB9F341C0E96780081BD4B /* Whether */ = {
			isa = PBXGroup;
			children = (
				DBCB9F351C0E96780081BD4B /* AppDelegate.swift */,
				DBCB9F371C0E96780081BD4B /* ViewController.swift */,
				DBCB9F391C0E96780081BD4B /* Main.storyboard */,
				DBCB9F3E1C0E96780081BD4B /* LaunchScreen.storyboard */,
				DBCB9F411C0E96780081BD4B /* Info.plist */,
				DBCB9F631C0EA29F0081BD4B /* Assets.xcassets */,
				DB19698A1C0EF87D008AA86B /* Whether-Bridging-Header.h */,
			);
			path = Whether;
			sourceTree = "<group>";
		};
		DBCB9F491C0E96780081BD4B /* WhetherTests */ = {
			isa = PBXGroup;
			children = (
				DBCB9F4A1C0E96780081BD4B /* WhetherTests.swift */,
				DBCB9F4C1C0E96780081BD4B /* Info.plist */,
			);
			path = WhetherTests;
			sourceTree = "<group>";
		};
		DBCB9F541C0E96780081BD4B /* WhetherUITests */ = {
			isa = PBXGroup;
			children = (
				DBCB9F551C0E96780081BD4B /* WhetherUITests.swift */,
				DBCB9F571C0E96780081BD4B /* Info.plist */,
			);
			path = WhetherUITests;
			sourceTree = "<group>";
		};
		FF1A3FDD9C0607B30B76EE31 /* Pods */ = {
			isa = PBXGroup;
			children = (
				52E5A3C4C1B0BC17B7263BBA /* Pods-Whether.debug.xcconfig */,
				D48AF491D841ABE94F1EB4D3 /* Pods-Whether.release.xcconfig */,
			);
			name = Pods;
			sourceTree = "<group>";
		};
/* End PBXGroup section */

/* Begin PBXNativeTarget section */
		DBCB9F311C0E96780081BD4B /* Whether */ = {
			isa = PBXNativeTarget;
			buildConfigurationList = DBCB9F5A1C0E96780081BD4B /* Build configuration list for PBXNativeTarget "Whether" */;
			buildPhases = (
				E2BEAFC88FBEF884BF2C7478 /* Check Pods Manifest.lock */,
				DBCB9F2E1C0E96780081BD4B /* Sources */,
				DBCB9F2F1C0E96780081BD4B /* Frameworks */,
				DBCB9F301C0E96780081BD4B /* Resources */,
				A776A73CB1CE29B12CF7E63A /* Embed Pods Frameworks */,
				C0F1299CF0F29B3EAED6FEED /* Copy Pods Resources */,
			);
			buildRules = (
			);
			dependencies = (
			);
			name = Whether;
			productName = Whether;
			productReference = DBCB9F321C0E96780081BD4B /* Whether.app */;
			productType = "com.apple.product-type.application";
		};
		DBCB9F451C0E96780081BD4B /* WhetherTests */ = {
			isa = PBXNativeTarget;
			buildConfigurationList = DBCB9F5D1C0E96780081BD4B /* Build configuration list for PBXNativeTarget "WhetherTests" */;
			buildPhases = (
				DBCB9F421C0E96780081BD4B /* Sources */,
				DBCB9F431C0E96780081BD4B /* Frameworks */,
				DBCB9F441C0E96780081BD4B /* Resources */,
			);
			buildRules = (
			);
			dependencies = (
				DBCB9F481C0E96780081BD4B /* PBXTargetDependency */,
			);
			name = WhetherTests;
			productName = WhetherTests;
			productReference = DBCB9F461C0E96780081BD4B /* WhetherTests.xctest */;
			productType = "com.apple.product-type.bundle.unit-test";
		};
		DBCB9F501C0E96780081BD4B /* WhetherUITests */ = {
			isa = PBXNativeTarget;
			buildConfigurationList = DBCB9F601C0E96780081BD4B /* Build configuration list for PBXNativeTarget "WhetherUITests" */;
			buildPhases = (
				DBCB9F4D1C0E96780081BD4B /* Sources */,
				DBCB9F4E1C0E96780081BD4B /* Frameworks */,
				DBCB9F4F1C0E96780081BD4B /* Resources */,
			);
			buildRules = (
			);
			dependencies = (
				DBCB9F531C0E96780081BD4B /* PBXTargetDependency */,
			);
			name = WhetherUITests;
			productName = WhetherUITests;
			productReference = DBCB9F511C0E96780081BD4B /* WhetherUITests.xctest */;
			productType = "com.apple.product-type.bundle.ui-testing";
		};
/* End PBXNativeTarget section */

/* Begin PBXProject section */
		DBCB9F2A1C0E96780081BD4B /* Project object */ = {
			isa = PBXProject;
			attributes = {
				LastSwiftUpdateCheck = 0710;
				LastUpgradeCheck = 0710;
				ORGANIZATIONNAME = wanglulu;
				TargetAttributes = {
					DBCB9F311C0E96780081BD4B = {
						CreatedOnToolsVersion = 7.1.1;
					};
					DBCB9F451C0E96780081BD4B = {
						CreatedOnToolsVersion = 7.1.1;
						TestTargetID = DBCB9F311C0E96780081BD4B;
					};
					DBCB9F501C0E96780081BD4B = {
						CreatedOnToolsVersion = 7.1.1;
						TestTargetID = DBCB9F311C0E96780081BD4B;
					};
				};
			};
			buildConfigurationList = DBCB9F2D1C0E96780081BD4B /* Build configuration list for PBXProject "Whether" */;
			compatibilityVersion = "Xcode 3.2";
			developmentRegion = English;
			hasScannedForEncodings = 0;
			knownRegions = (
				en,
				Base,
			);
			mainGroup = DBCB9F291C0E96780081BD4B;
			productRefGroup = DBCB9F331C0E96780081BD4B /* Products */;
			projectDirPath = "";
			projectRoot = "";
			targets = (
				DBCB9F311C0E96780081BD4B /* Whether */,
				DBCB9F451C0E96780081BD4B /* WhetherTests */,
				DBCB9F501C0E96780081BD4B /* WhetherUITests */,
			);
		};
/* End PBXProject section */

/* Begin PBXResourcesBuildPhase section */
		DBCB9F301C0E96780081BD4B /* Resources */ = {
			isa = PBXResourcesBuildPhase;
			buildActionMask = 2147483647;
			files = (
				DBCB9F401C0E96780081BD4B /* LaunchScreen.storyboard in Resources */,
				DBCB9F641C0EA29F0081BD4B /* Assets.xcassets in Resources */,
				DBCB9F3B1C0E96780081BD4B /* Main.storyboard in Resources */,
			);
			runOnlyForDeploymentPostprocessing = 0;
		};
		DBCB9F441C0E96780081BD4B /* Resources */ = {
			isa = PBXResourcesBuildPhase;
			buildActionMask = 2147483647;
			files = (
			);
			runOnlyForDeploymentPostprocessing = 0;
		};
		DBCB9F4F1C0E96780081BD4B /* Resources */ = {
			isa = PBXResourcesBuildPhase;
			buildActionMask = 2147483647;
			files = (
			);
			runOnlyForDeploymentPostprocessing = 0;
		};
/* End PBXResourcesBuildPhase section */

/* Begin PBXShellScriptBuildPhase section */
		A776A73CB1CE29B12CF7E63A /* Embed Pods Frameworks */ = {
			isa = PBXShellScriptBuildPhase;
			buildActionMask = 2147483647;
			files = (
			);
			inputPaths = (
			);
			name = "Embed Pods Frameworks";
			outputPaths = (
			);
			runOnlyForDeploymentPostprocessing = 0;
			shellPath = /bin/sh;
			shellScript = "\"${SRCROOT}/Pods/Target Support Files/Pods-Whether/Pods-Whether-frameworks.sh\"\n";
			showEnvVarsInLog = 0;
		};
		C0F1299CF0F29B3EAED6FEED /* Copy Pods Resources */ = {
			isa = PBXShellScriptBuildPhase;
			buildActionMask = 2147483647;
			files = (
			);
			inputPaths = (
			);
			name = "Copy Pods Resources";
			outputPaths = (
			);
			runOnlyForDeploymentPostprocessing = 0;
			shellPath = /bin/sh;
			shellScript = "\"${SRCROOT}/Pods/Target Support Files/Pods-Whether/Pods-Whether-resources.sh\"\n";
			showEnvVarsInLog = 0;
		};
		E2BEAFC88FBEF884BF2C7478 /* Check Pods Manifest.lock */ = {
			isa = PBXShellScriptBuildPhase;
			buildActionMask = 2147483647;
			files = (
			);
			inputPaths = (
			);
			name = "Check Pods Manifest.lock";
			outputPaths = (
			);
			runOnlyForDeploymentPostprocessing = 0;
			shellPath = /bin/sh;
			shellScript = "diff \"${PODS_ROOT}/../Podfile.lock\" \"${PODS_ROOT}/Manifest.lock\" > /dev/null\nif [[ $? != 0 ]] ; then\n    cat << EOM\nerror: The sandbox is not in sync with the Podfile.lock. Run 'pod install' or update your CocoaPods installation.\nEOM\n    exit 1\nfi\n";
			showEnvVarsInLog = 0;
		};
/* End PBXShellScriptBuildPhase section */

/* Begin PBXSourcesBuildPhase section */
		DBCB9F2E1C0E96780081BD4B /* Sources */ = {
			isa = PBXSourcesBuildPhase;
			buildActionMask = 2147483647;
			files = (
				DBCB9F381C0E96780081BD4B /* ViewController.swift in Sources */,
				DBCB9F361C0E96780081BD4B /* AppDelegate.swift in Sources */,
			);
			runOnlyForDeploymentPostprocessing = 0;
		};
		DBCB9F421C0E96780081BD4B /* Sources */ = {
			isa = PBXSourcesBuildPhase;
			buildActionMask = 2147483647;
			files = (
				DBCB9F4B1C0E96780081BD4B /* WhetherTests.swift in Sources */,
			);
			runOnlyForDeploymentPostprocessing = 0;
		};
		DBCB9F4D1C0E96780081BD4B /* Sources */ = {
			isa = PBXSourcesBuildPhase;
			buildActionMask = 2147483647;
			files = (
				DBCB9F561C0E96780081BD4B /* WhetherUITests.swift in Sources */,
			);
			runOnlyForDeploymentPostprocessing = 0;
		};
/* End PBXSourcesBuildPhase section */

/* Begin PBXTargetDependency section */
		DBCB9F481C0E96780081BD4B /* PBXTargetDependency */ = {
			isa = PBXTargetDependency;
			target = DBCB9F311C0E96780081BD4B /* Whether */;
			targetProxy = DBCB9F471C0E96780081BD4B /* PBXContainerItemProxy */;
		};
		DBCB9F531C0E96780081BD4B /* PBXTargetDependency */ = {
			isa = PBXTargetDependency;
			target = DBCB9F311C0E96780081BD4B /* Whether */;
			targetProxy = DBCB9F521C0E96780081BD4B /* PBXContainerItemProxy */;
		};
/* End PBXTargetDependency section */

/* Begin PBXVariantGroup section */
		DBCB9F391C0E96780081BD4B /* Main.storyboard */ = {
			isa = PBXVariantGroup;
			children = (
				DBCB9F3A1C0E96780081BD4B /* Base */,
			);
			name = Main.storyboard;
			sourceTree = "<group>";
		};
		DBCB9F3E1C0E96780081BD4B /* LaunchScreen.storyboard */ = {
			isa = PBXVariantGroup;
			children = (
				DBCB9F3F1C0E96780081BD4B /* Base */,
			);
			name = LaunchScreen.storyboard;
			sourceTree = "<group>";
		};
/* End PBXVariantGroup section */

/* Begin XCBuildConfiguration section */
		DBCB9F581C0E96780081BD4B /* Debug */ = {
			isa = XCBuildConfiguration;
			buildSettings = {
				ALWAYS_SEARCH_USER_PATHS = NO;
				CLANG_CXX_LANGUAGE_STANDARD = "gnu++0x";
				CLANG_CXX_LIBRARY = "libc++";
				CLANG_ENABLE_MODULES = YES;
				CLANG_ENABLE_OBJC_ARC = YES;
				CLANG_WARN_BOOL_CONVERSION = YES;
				CLANG_WARN_CONSTANT_CONVERSION = YES;
				CLANG_WARN_DIRECT_OBJC_ISA_USAGE = YES_ERROR;
				CLANG_WARN_EMPTY_BODY = YES;
				CLANG_WARN_ENUM_CONVERSION = YES;
				CLANG_WARN_INT_CONVERSION = YES;
				CLANG_WARN_OBJC_ROOT_CLASS = YES_ERROR;
				CLANG_WARN_UNREACHABLE_CODE = YES;
				CLANG_WARN__DUPLICATE_METHOD_MATCH = YES;
				"CODE_SIGN_IDENTITY[sdk=iphoneos*]" = "iPhone Developer";
				COPY_PHASE_STRIP = NO;
				DEBUG_INFORMATION_FORMAT = dwarf;
				ENABLE_STRICT_OBJC_MSGSEND = YES;
				ENABLE_TESTABILITY = YES;
				GCC_C_LANGUAGE_STANDARD = gnu99;
				GCC_DYNAMIC_NO_PIC = NO;
				GCC_NO_COMMON_BLOCKS = YES;
				GCC_OPTIMIZATION_LEVEL = 0;
				GCC_PREPROCESSOR_DEFINITIONS = (
					"DEBUG=1",
					"$(inherited)",
				);
				GCC_WARN_64_TO_32_BIT_CONVERSION = YES;
				GCC_WARN_ABOUT_RETURN_TYPE = YES_ERROR;
				GCC_WARN_UNDECLARED_SELECTOR = YES;
				GCC_WARN_UNINITIALIZED_AUTOS = YES_AGGRESSIVE;
				GCC_WARN_UNUSED_FUNCTION = YES;
				GCC_WARN_UNUSED_VARIABLE = YES;
				IPHONEOS_DEPLOYMENT_TARGET = 9.1;
				MTL_ENABLE_DEBUG_INFO = YES;
				ONLY_ACTIVE_ARCH = YES;
				SDKROOT = iphoneos;
				SWIFT_OBJC_BRIDGING_HEADER = "Whether-Bridging-Header.h";
				SWIFT_OPTIMIZATION_LEVEL = "-Onone";
			};
			name = Debug;
		};
		DBCB9F591C0E96780081BD4B /* Release */ = {
			isa = XCBuildConfiguration;
			buildSettings = {
				ALWAYS_SEARCH_USER_PATHS = NO;
				CLANG_CXX_LANGUAGE_STANDARD = "gnu++0x";
				CLANG_CXX_LIBRARY = "libc++";
				CLANG_ENABLE_MODULES = YES;
				CLANG_ENABLE_OBJC_ARC = YES;
				CLANG_WARN_BOOL_CONVERSION = YES;
				CLANG_WARN_CONSTANT_CONVERSION = YES;
				CLANG_WARN_DIRECT_OBJC_ISA_USAGE = YES_ERROR;
				CLANG_WARN_EMPTY_BODY = YES;
				CLANG_WARN_ENUM_CONVERSION = YES;
				CLANG_WARN_INT_CONVERSION = YES;
				CLANG_WARN_OBJC_ROOT_CLASS = YES_ERROR;
				CLANG_WARN_UNREACHABLE_CODE = YES;
				CLANG_WARN__DUPLICATE_METHOD_MATCH = YES;
				"CODE_SIGN_IDENTITY[sdk=iphoneos*]" = "iPhone Developer";
				COPY_PHASE_STRIP = NO;
				DEBUG_INFORMATION_FORMAT = "dwarf-with-dsym";
				ENABLE_NS_ASSERTIONS = NO;
				ENABLE_STRICT_OBJC_MSGSEND = YES;
				GCC_C_LANGUAGE_STANDARD = gnu99;
				GCC_NO_COMMON_BLOCKS = YES;
				GCC_WARN_64_TO_32_BIT_CONVERSION = YES;
				GCC_WARN_ABOUT_RETURN_TYPE = YES_ERROR;
				GCC_WARN_UNDECLARED_SELECTOR = YES;
				GCC_WARN_UNINITIALIZED_AUTOS = YES_AGGRESSIVE;
				GCC_WARN_UNUSED_FUNCTION = YES;
				GCC_WARN_UNUSED_VARIABLE = YES;
				IPHONEOS_DEPLOYMENT_TARGET = 9.1;
				MTL_ENABLE_DEBUG_INFO = NO;
				SDKROOT = iphoneos;
				SWIFT_OBJC_BRIDGING_HEADER = "Whether-Bridging-Header.h";
				VALIDATE_PRODUCT = YES;
			};
			name = Release;
		};
		DBCB9F5B1C0E96780081BD4B /* Debug */ = {
			isa = XCBuildConfiguration;
			baseConfigurationReference = 52E5A3C4C1B0BC17B7263BBA /* Pods-Whether.debug.xcconfig */;
			buildSettings = {
				ASSETCATALOG_COMPILER_APPICON_NAME = AppIcon;
				INFOPLIST_FILE = Whether/Info.plist;
				LD_RUNPATH_SEARCH_PATHS = "$(inherited) @executable_path/Frameworks";
				PRODUCT_BUNDLE_IDENTIFIER = com.wanglulu.Whether;
				PRODUCT_NAME = "$(TARGET_NAME)";
				SWIFT_OBJC_BRIDGING_HEADER = "Whether/Whether-Bridging-Header.h";
			};
			name = Debug;
		};
		DBCB9F5C1C0E96780081BD4B /* Release */ = {
			isa = XCBuildConfiguration;
			baseConfigurationReference = D48AF491D841ABE94F1EB4D3 /* Pods-Whether.release.xcconfig */;
			buildSettings = {
				ASSETCATALOG_COMPILER_APPICON_NAME = AppIcon;
				INFOPLIST_FILE = Whether/Info.plist;
				LD_RUNPATH_SEARCH_PATHS = "$(inherited) @executable_path/Frameworks";
				PRODUCT_BUNDLE_IDENTIFIER = com.wanglulu.Whether;
				PRODUCT_NAME = "$(TARGET_NAME)";
				SWIFT_OBJC_BRIDGING_HEADER = "Whether/Whether-Bridging-Header.h";
			};
			name = Release;
		};
		DBCB9F5E1C0E96780081BD4B /* Debug */ = {
			isa = XCBuildConfiguration;
			buildSettings = {
				BUNDLE_LOADER = "$(TEST_HOST)";
				INFOPLIST_FILE = WhetherTests/Info.plist;
				LD_RUNPATH_SEARCH_PATHS = "$(inherited) @executable_path/Frameworks @loader_path/Frameworks";
				PRODUCT_BUNDLE_IDENTIFIER = com.wanglulu.WhetherTests;
				PRODUCT_NAME = "$(TARGET_NAME)";
				TEST_HOST = "$(BUILT_PRODUCTS_DIR)/Whether.app/Whether";
			};
			name = Debug;
		};
		DBCB9F5F1C0E96780081BD4B /* Release */ = {
			isa = XCBuildConfiguration;
			buildSettings = {
				BUNDLE_LOADER = "$(TEST_HOST)";
				INFOPLIST_FILE = WhetherTests/Info.plist;
				LD_RUNPATH_SEARCH_PATHS = "$(inherited) @executable_path/Frameworks @loader_path/Frameworks";
				PRODUCT_BUNDLE_IDENTIFIER = com.wanglulu.WhetherTests;
				PRODUCT_NAME = "$(TARGET_NAME)";
				TEST_HOST = "$(BUILT_PRODUCTS_DIR)/Whether.app/Whether";
			};
			name = Release;
		};
		DBCB9F611C0E96780081BD4B /* Debug */ = {
			isa = XCBuildConfiguration;
			buildSettings = {
				INFOPLIST_FILE = WhetherUITests/Info.plist;
				LD_RUNPATH_SEARCH_PATHS = "$(inherited) @executable_path/Frameworks @loader_path/Frameworks";
				PRODUCT_BUNDLE_IDENTIFIER = com.wanglulu.WhetherUITests;
				PRODUCT_NAME = "$(TARGET_NAME)";
				TEST_TARGET_NAME = Whether;
				USES_XCTRUNNER = YES;
			};
			name = Debug;
		};
		DBCB9F621C0E96780081BD4B /* Release */ = {
			isa = XCBuildConfiguration;
			buildSettings = {
				INFOPLIST_FILE = WhetherUITests/Info.plist;
				LD_RUNPATH_SEARCH_PATHS = "$(inherited) @executable_path/Frameworks @loader_path/Frameworks";
				PRODUCT_BUNDLE_IDENTIFIER = com.wanglulu.WhetherUITests;
				PRODUCT_NAME = "$(TARGET_NAME)";
				TEST_TARGET_NAME = Whether;
				USES_XCTRUNNER = YES;
			};
			name = Release;
		};
/* End XCBuildConfiguration section */

/* Begin XCConfigurationList section */
		DBCB9F2D1C0E96780081BD4B /* Build configuration list for PBXProject "Whether" */ = {
			isa = XCConfigurationList;
			buildConfigurations = (
				DBCB9F581C0E96780081BD4B /* Debug */,
				DBCB9F591C0E96780081BD4B /* Release */,
			);
			defaultConfigurationIsVisible = 0;
			defaultConfigurationName = Release;
		};
		DBCB9F5A1C0E96780081BD4B /* Build configuration list for PBXNativeTarget "Whether" */ = {
			isa = XCConfigurationList;
			buildConfigurations = (
				DBCB9F5B1C0E96780081BD4B /* Debug */,
				DBCB9F5C1C0E96780081BD4B /* Release */,
			);
			defaultConfigurationIsVisible = 0;
			defaultConfigurationName = Release;
		};
		DBCB9F5D1C0E96780081BD4B /* Build configuration list for PBXNativeTarget "WhetherTests" */ = {
			isa = XCConfigurationList;
			buildConfigurations = (
				DBCB9F5E1C0E96780081BD4B /* Debug */,
				DBCB9F5F1C0E96780081BD4B /* Release */,
			);
			defaultConfigurationIsVisible = 0;
			defaultConfigurationName = Release;
		};
		DBCB9F601C0E96780081BD4B /* Build configuration list for PBXNativeTarget "WhetherUITests" */ = {
			isa = XCConfigurationList;
			buildConfigurations = (
				DBCB9F611C0E96780081BD4B /* Debug */,
				DBCB9F621C0E96780081BD4B /* Release */,
			);
			defaultConfigurationIsVisible = 0;
			defaultConfigurationName = Release;
		};
/* End XCConfigurationList section */
	};
	rootObject = DBCB9F2A1C0E96780081BD4B /* Project object */;
}
